
Microsoft Visual Studio Solution File, Format Version 12.00
# Visual Studio Version 16
VisualStudioVersion = 16.0.31829.152
MinimumVisualStudioVersion = 10.0.40219.1
Project("{FAE04EC0-301F-11D3-BF4B-00C04F79EFBC}") = "TimeTracker", "TimeTracker\TimeTracker.csproj", "{11D07E38-70B9-4BE7-B1E8-2BC99C156B33}"
EndProject
Global
	GlobalSection(SolutionConfigurationPlatforms) = preSolution
		Debug|Any CPU = Debug|Any CPU
		Release|Any CPU = Release|Any CPU
	EndGlobalSection
	GlobalSection(ProjectConfigurationPlatforms) = postSolution
		{11D07E38-70B9-4BE7-B1E8-2BC99C156B33}.Debug|Any CPU.ActiveCfg = Debug|Any CPU
		{11D07E38-70B9-4BE7-B1E8-2BC99C156B33}.Debug|Any CPU.Build.0 = Debug|Any CPU
		{11D07E38-70B9-4BE7-B1E8-2BC99C156B33}.Release|Any CPU.ActiveCfg = Release|Any CPU
		{11D07E38-70B9-4BE7-B1E8-2BC99C156B33}.Release|Any CPU.Build.0 = Release|Any CPU
	EndGlobalSection
	GlobalSection(SolutionProperties) = preSolution
		HideSolutionNode = FALSE
	EndGlobalSection
	GlobalSection(ExtensibilityGlobals) = postSolution
		SolutionGuid = {B0095C4B-AB3B-4105-9773-D4140F41FCD4}
	EndGlobalSection
EndGlobal
